
Microsoft Visual Studio Solution File, Format Version 12.00
# Visual Studio 2015
Project("{FAE04EC0-301F-11D3-BF4B-00C04F79EFBC}") = "S2018_Avatar_Placement_DEEP_MKML", "S2018_Avatar_Placement_DEEP_MKML.csproj", "{E390ADD8-44B4-8203-8BDF-058507B6B409}"
EndProject
Project("{FAE04EC0-301F-11D3-BF4B-00C04F79EFBC}") = "S2018_Avatar_Placement_DEEP_MKML.Editor", "S2018_Avatar_Placement_DEEP_MKML.Editor.csproj", "{7FA7C9A6-8277-8161-23E7-8E67D9D77F3A}"
EndProject
Global
	GlobalSection(SolutionConfigurationPlatforms) = preSolution
		Debug|Any CPU = Debug|Any CPU
		Release|Any CPU = Release|Any CPU
	EndGlobalSection
	GlobalSection(ProjectConfigurationPlatforms) = postSolution
		{E390ADD8-44B4-8203-8BDF-058507B6B409}.Debug|Any CPU.ActiveCfg = Debug|Any CPU
		{E390ADD8-44B4-8203-8BDF-058507B6B409}.Debug|Any CPU.Build.0 = Debug|Any CPU
		{E390ADD8-44B4-8203-8BDF-058507B6B409}.Release|Any CPU.ActiveCfg = Release|Any CPU
		{E390ADD8-44B4-8203-8BDF-058507B6B409}.Release|Any CPU.Build.0 = Release|Any CPU
		{7FA7C9A6-8277-8161-23E7-8E67D9D77F3A}.Debug|Any CPU.ActiveCfg = Debug|Any CPU
		{7FA7C9A6-8277-8161-23E7-8E67D9D77F3A}.Debug|Any CPU.Build.0 = Debug|Any CPU
		{7FA7C9A6-8277-8161-23E7-8E67D9D77F3A}.Release|Any CPU.ActiveCfg = Release|Any CPU
		{7FA7C9A6-8277-8161-23E7-8E67D9D77F3A}.Release|Any CPU.Build.0 = Release|Any CPU
	EndGlobalSection
	GlobalSection(SolutionProperties) = preSolution
		HideSolutionNode = FALSE
	EndGlobalSection
EndGlobal
