
Microsoft Visual Studio Solution File, Format Version 12.00
# Visual Studio 2015
Project("{FAE04EC0-301F-11D3-BF4B-00C04F79EFBC}") = "S2018_Avatar_Placement_DataCollection", "S2018_Avatar_Placement_DataCollection.csproj", "{17033A2C-6B6B-9373-BC2D-689531DF0EA2}"
EndProject
Project("{FAE04EC0-301F-11D3-BF4B-00C04F79EFBC}") = "S2018_Avatar_Placement_DataCollection.Editor", "S2018_Avatar_Placement_DataCollection.Editor.csproj", "{D0A32727-B999-6E70-8ABD-797353025DCC}"
EndProject
Global
	GlobalSection(SolutionConfigurationPlatforms) = preSolution
		Debug|Any CPU = Debug|Any CPU
		Release|Any CPU = Release|Any CPU
	EndGlobalSection
	GlobalSection(ProjectConfigurationPlatforms) = postSolution
		{17033A2C-6B6B-9373-BC2D-689531DF0EA2}.Debug|Any CPU.ActiveCfg = Debug|Any CPU
		{17033A2C-6B6B-9373-BC2D-689531DF0EA2}.Debug|Any CPU.Build.0 = Debug|Any CPU
		{17033A2C-6B6B-9373-BC2D-689531DF0EA2}.Release|Any CPU.ActiveCfg = Release|Any CPU
		{17033A2C-6B6B-9373-BC2D-689531DF0EA2}.Release|Any CPU.Build.0 = Release|Any CPU
		{D0A32727-B999-6E70-8ABD-797353025DCC}.Debug|Any CPU.ActiveCfg = Debug|Any CPU
		{D0A32727-B999-6E70-8ABD-797353025DCC}.Debug|Any CPU.Build.0 = Debug|Any CPU
		{D0A32727-B999-6E70-8ABD-797353025DCC}.Release|Any CPU.ActiveCfg = Release|Any CPU
		{D0A32727-B999-6E70-8ABD-797353025DCC}.Release|Any CPU.Build.0 = Release|Any CPU
	EndGlobalSection
	GlobalSection(SolutionProperties) = preSolution
		HideSolutionNode = FALSE
	EndGlobalSection
EndGlobal
