
Microsoft Visual Studio Solution File, Format Version 12.00
# Visual Studio 2015
Project("{FAE04EC0-301F-11D3-BF4B-00C04F79EFBC}") = "S2018_Avatar_Placement_Vancouver", "S2018_Avatar_Placement_Vancouver.csproj", "{33EA2044-DC25-30F4-1E07-9BAADA7CAEF6}"
EndProject
Project("{FAE04EC0-301F-11D3-BF4B-00C04F79EFBC}") = "S2018_Avatar_Placement_Vancouver.Editor", "S2018_Avatar_Placement_Vancouver.Editor.csproj", "{CE5F991B-1DED-3FAD-C191-51EDDD04EC0D}"
EndProject
Global
	GlobalSection(SolutionConfigurationPlatforms) = preSolution
		Debug|Any CPU = Debug|Any CPU
		Release|Any CPU = Release|Any CPU
	EndGlobalSection
	GlobalSection(ProjectConfigurationPlatforms) = postSolution
		{33EA2044-DC25-30F4-1E07-9BAADA7CAEF6}.Debug|Any CPU.ActiveCfg = Debug|Any CPU
		{33EA2044-DC25-30F4-1E07-9BAADA7CAEF6}.Debug|Any CPU.Build.0 = Debug|Any CPU
		{33EA2044-DC25-30F4-1E07-9BAADA7CAEF6}.Release|Any CPU.ActiveCfg = Release|Any CPU
		{33EA2044-DC25-30F4-1E07-9BAADA7CAEF6}.Release|Any CPU.Build.0 = Release|Any CPU
		{CE5F991B-1DED-3FAD-C191-51EDDD04EC0D}.Debug|Any CPU.ActiveCfg = Debug|Any CPU
		{CE5F991B-1DED-3FAD-C191-51EDDD04EC0D}.Debug|Any CPU.Build.0 = Debug|Any CPU
		{CE5F991B-1DED-3FAD-C191-51EDDD04EC0D}.Release|Any CPU.ActiveCfg = Release|Any CPU
		{CE5F991B-1DED-3FAD-C191-51EDDD04EC0D}.Release|Any CPU.Build.0 = Release|Any CPU
	EndGlobalSection
	GlobalSection(SolutionProperties) = preSolution
		HideSolutionNode = FALSE
	EndGlobalSection
EndGlobal
