
Microsoft Visual Studio Solution File, Format Version 12.00
# Visual Studio 2015
Project("{FAE04EC0-301F-11D3-BF4B-00C04F79EFBC}") = "S2018_Avatar_Placement_DataCollection_48", "S2018_Avatar_Placement_DataCollection_48.csproj", "{144B19F3-920B-F09E-0DAE-2D3D60F605DB}"
EndProject
Project("{FAE04EC0-301F-11D3-BF4B-00C04F79EFBC}") = "S2018_Avatar_Placement_DataCollection_48.Editor", "S2018_Avatar_Placement_DataCollection_48.Editor.csproj", "{87B0B104-85DD-5961-6A5B-588E226BE979}"
EndProject
Global
	GlobalSection(SolutionConfigurationPlatforms) = preSolution
		Debug|Any CPU = Debug|Any CPU
		Release|Any CPU = Release|Any CPU
	EndGlobalSection
	GlobalSection(ProjectConfigurationPlatforms) = postSolution
		{144B19F3-920B-F09E-0DAE-2D3D60F605DB}.Debug|Any CPU.ActiveCfg = Debug|Any CPU
		{144B19F3-920B-F09E-0DAE-2D3D60F605DB}.Debug|Any CPU.Build.0 = Debug|Any CPU
		{144B19F3-920B-F09E-0DAE-2D3D60F605DB}.Release|Any CPU.ActiveCfg = Release|Any CPU
		{144B19F3-920B-F09E-0DAE-2D3D60F605DB}.Release|Any CPU.Build.0 = Release|Any CPU
		{87B0B104-85DD-5961-6A5B-588E226BE979}.Debug|Any CPU.ActiveCfg = Debug|Any CPU
		{87B0B104-85DD-5961-6A5B-588E226BE979}.Debug|Any CPU.Build.0 = Debug|Any CPU
		{87B0B104-85DD-5961-6A5B-588E226BE979}.Release|Any CPU.ActiveCfg = Release|Any CPU
		{87B0B104-85DD-5961-6A5B-588E226BE979}.Release|Any CPU.Build.0 = Release|Any CPU
	EndGlobalSection
	GlobalSection(SolutionProperties) = preSolution
		HideSolutionNode = FALSE
	EndGlobalSection
EndGlobal
