
Microsoft Visual Studio Solution File, Format Version 12.00
# Visual Studio 2015
Project("{FAE04EC0-301F-11D3-BF4B-00C04F79EFBC}") = "LivingRoom2017_APP", "LivingRoom2017_APP.csproj", "{F52363B2-81E4-D456-85CF-840242EEB16F}"
EndProject
Project("{FAE04EC0-301F-11D3-BF4B-00C04F79EFBC}") = "LivingRoom2017_APP.Editor", "LivingRoom2017_APP.Editor.csproj", "{A77C3053-FB09-3492-A9BA-184C2B8AC6CA}"
EndProject
Global
	GlobalSection(SolutionConfigurationPlatforms) = preSolution
		Debug|Any CPU = Debug|Any CPU
		Release|Any CPU = Release|Any CPU
	EndGlobalSection
	GlobalSection(ProjectConfigurationPlatforms) = postSolution
		{F52363B2-81E4-D456-85CF-840242EEB16F}.Debug|Any CPU.ActiveCfg = Debug|Any CPU
		{F52363B2-81E4-D456-85CF-840242EEB16F}.Debug|Any CPU.Build.0 = Debug|Any CPU
		{F52363B2-81E4-D456-85CF-840242EEB16F}.Release|Any CPU.ActiveCfg = Release|Any CPU
		{F52363B2-81E4-D456-85CF-840242EEB16F}.Release|Any CPU.Build.0 = Release|Any CPU
		{A77C3053-FB09-3492-A9BA-184C2B8AC6CA}.Debug|Any CPU.ActiveCfg = Debug|Any CPU
		{A77C3053-FB09-3492-A9BA-184C2B8AC6CA}.Debug|Any CPU.Build.0 = Debug|Any CPU
		{A77C3053-FB09-3492-A9BA-184C2B8AC6CA}.Release|Any CPU.ActiveCfg = Release|Any CPU
		{A77C3053-FB09-3492-A9BA-184C2B8AC6CA}.Release|Any CPU.Build.0 = Release|Any CPU
	EndGlobalSection
	GlobalSection(SolutionProperties) = preSolution
		HideSolutionNode = FALSE
	EndGlobalSection
EndGlobal
