
Microsoft Visual Studio Solution File, Format Version 12.00
# Visual Studio 2015
Project("{FAE04EC0-301F-11D3-BF4B-00C04F79EFBC}") = "S2018_Avatar_Placement_DEEP", "S2018_Avatar_Placement_DEEP.csproj", "{FD8B6DFA-6A49-B168-2F84-5D808F9CFD82}"
EndProject
Project("{FAE04EC0-301F-11D3-BF4B-00C04F79EFBC}") = "S2018_Avatar_Placement_DEEP.Editor", "S2018_Avatar_Placement_DEEP.Editor.csproj", "{249F7194-CD33-0BBA-0014-FD73A1A1FCAE}"
EndProject
Global
	GlobalSection(SolutionConfigurationPlatforms) = preSolution
		Debug|Any CPU = Debug|Any CPU
		Release|Any CPU = Release|Any CPU
	EndGlobalSection
	GlobalSection(ProjectConfigurationPlatforms) = postSolution
		{FD8B6DFA-6A49-B168-2F84-5D808F9CFD82}.Debug|Any CPU.ActiveCfg = Debug|Any CPU
		{FD8B6DFA-6A49-B168-2F84-5D808F9CFD82}.Debug|Any CPU.Build.0 = Debug|Any CPU
		{FD8B6DFA-6A49-B168-2F84-5D808F9CFD82}.Release|Any CPU.ActiveCfg = Release|Any CPU
		{FD8B6DFA-6A49-B168-2F84-5D808F9CFD82}.Release|Any CPU.Build.0 = Release|Any CPU
		{249F7194-CD33-0BBA-0014-FD73A1A1FCAE}.Debug|Any CPU.ActiveCfg = Debug|Any CPU
		{249F7194-CD33-0BBA-0014-FD73A1A1FCAE}.Debug|Any CPU.Build.0 = Debug|Any CPU
		{249F7194-CD33-0BBA-0014-FD73A1A1FCAE}.Release|Any CPU.ActiveCfg = Release|Any CPU
		{249F7194-CD33-0BBA-0014-FD73A1A1FCAE}.Release|Any CPU.Build.0 = Release|Any CPU
	EndGlobalSection
	GlobalSection(SolutionProperties) = preSolution
		HideSolutionNode = FALSE
	EndGlobalSection
EndGlobal
